
Microsoft Visual Studio Solution File, Format Version 12.00
# Visual Studio 15
VisualStudioVersion = 15.0.28307.1209
MinimumVisualStudioVersion = 10.0.40219.1
Project("{FAE04EC0-301F-11D3-BF4B-00C04F79EFBC}") = "JDCLoginUI", "JDCLoginUI\JDCLoginUI.csproj", "{74D4D7EC-5E9B-47AB-834E-A20BE39BAAD0}"
EndProject
Global
	GlobalSection(SolutionConfigurationPlatforms) = preSolution
		Debug|Any CPU = Debug|Any CPU
		Release|Any CPU = Release|Any CPU
	EndGlobalSection
	GlobalSection(ProjectConfigurationPlatforms) = postSolution
		{74D4D7EC-5E9B-47AB-834E-A20BE39BAAD0}.Debug|Any CPU.ActiveCfg = Debug|Any CPU
		{74D4D7EC-5E9B-47AB-834E-A20BE39BAAD0}.Debug|Any CPU.Build.0 = Debug|Any CPU
		{74D4D7EC-5E9B-47AB-834E-A20BE39BAAD0}.Release|Any CPU.ActiveCfg = Release|Any CPU
		{74D4D7EC-5E9B-47AB-834E-A20BE39BAAD0}.Release|Any CPU.Build.0 = Release|Any CPU
	EndGlobalSection
	GlobalSection(SolutionProperties) = preSolution
		HideSolutionNode = FALSE
	EndGlobalSection
	GlobalSection(ExtensibilityGlobals) = postSolution
		SolutionGuid = {3346E4F7-DF07-4DCA-9EDE-6988A6B621E3}
	EndGlobalSection
EndGlobal
